// !$*UTF8*$!
{
	archiveVersion = 1;
	classes = {
	};
	objectVersion = 46;
	objects = {

/* Begin PBXBuildFile section */
		A4DCDE251F3B0F25000BDD28 /* AppDelegate.swift in Sources */ = {isa = PBXBuildFile; fileRef = A4DCDE241F3B0F25000BDD28 /* AppDelegate.swift */; };
		A4DCDE271F3B0F26000BDD28 /* ViewController.swift in Sources */ = {isa = PBXBuildFile; fileRef = A4DCDE261F3B0F26000BDD28 /* ViewController.swift */; };
		A4DCDE2A1F3B0F26000BDD28 /* Main.storyboard in Resources */ = {isa = PBXBuildFile; fileRef = A4DCDE281F3B0F26000BDD28 /* Main.storyboard */; };
		A4DCDE2C1F3B0F26000BDD28 /* Assets.xcassets in Resources */ = {isa = PBXBuildFile; fileRef = A4DCDE2B1F3B0F26000BDD28 /* Assets.xcassets */; };
		A4DCDE2F1F3B0F26000BDD28 /* LaunchScreen.storyboard in Resources */ = {isa = PBXBuildFile; fileRef = A4DCDE2D1F3B0F26000BDD28 /* LaunchScreen.storyboard */; };
		A4DCDE391F3B110F000BDD28 /* LSYViewPagerVC.m in Sources */ = {isa = PBXBuildFile; fileRef = A4DCDE381F3B110F000BDD28 /* LSYViewPagerVC.m */; };
		A4DCDE3B1F3B12CD000BDD28 /* BottomVC.swift in Sources */ = {isa = PBXBuildFile; fileRef = A4DCDE3A1F3B12CD000BDD28 /* BottomVC.swift */; };
		A4DCDE3D1F3B12DF000BDD28 /* MenuMainViewController.swift in Sources */ = {isa = PBXBuildFile; fileRef = A4DCDE3C1F3B12DF000BDD28 /* MenuMainViewController.swift */; };
		A4DCDE3F1F3B1BD1000BDD28 /* MenuDetailTableViewController.swift in Sources */ = {isa = PBXBuildFile; fileRef = A4DCDE3E1F3B1BD1000BDD28 /* MenuDetailTableViewController.swift */; };
		DCDC49E60529717D3CD97EB1 /* Pods_ISHPullUpDemo.framework in Frameworks */ = {isa = PBXBuildFile; fileRef = BF413E3B80AD41E94AE9341A /* Pods_ISHPullUpDemo.framework */; };
/* End PBXBuildFile section */

/* Begin PBXFileReference section */
		00B1D642BBA49049E9186B10 /* Pods-ISHPullUpDemo.debug.xcconfig */ = {isa = PBXFileReference; includeInIndex = 1; lastKnownFileType = text.xcconfig; name = "Pods-ISHPullUpDemo.debug.xcconfig"; path = "Pods/Target Support Files/Pods-ISHPullUpDemo/Pods-ISHPullUpDemo.debug.xcconfig"; sourceTree = "<group>"; };
		726B66127893A221D664E57B /* Pods-ISHPullUpDemo.release.xcconfig */ = {isa = PBXFileReference; includeInIndex = 1; lastKnownFileType = text.xcconfig; name = "Pods-ISHPullUpDemo.release.xcconfig"; path = "Pods/Target Support Files/Pods-ISHPullUpDemo/Pods-ISHPullUpDemo.release.xcconfig"; sourceTree = "<group>"; };
		A4DCDE211F3B0F25000BDD28 /* ISHPullUpDemo.app */ = {isa = PBXFileReference; explicitFileType = wrapper.application; includeInIndex = 0; path = ISHPullUpDemo.app; sourceTree = BUILT_PRODUCTS_DIR; };
		A4DCDE241F3B0F25000BDD28 /* AppDelegate.swift */ = {isa = PBXFileReference; lastKnownFileType = sourcecode.swift; path = AppDelegate.swift; sourceTree = "<group>"; };
		A4DCDE261F3B0F26000BDD28 /* ViewController.swift */ = {isa = PBXFileReference; lastKnownFileType = sourcecode.swift; path = ViewController.swift; sourceTree = "<group>"; };
		A4DCDE291F3B0F26000BDD28 /* Base */ = {isa = PBXFileReference; lastKnownFileType = file.storyboard; name = Base; path = Base.lproj/Main.storyboard; sourceTree = "<group>"; };
		A4DCDE2B1F3B0F26000BDD28 /* Assets.xcassets */ = {isa = PBXFileReference; lastKnownFileType = folder.assetcatalog; path = Assets.xcassets; sourceTree = "<group>"; };
		A4DCDE2E1F3B0F26000BDD28 /* Base */ = {isa = PBXFileReference; lastKnownFileType = file.storyboard; name = Base; path = Base.lproj/LaunchScreen.storyboard; sourceTree = "<group>"; };
		A4DCDE301F3B0F26000BDD28 /* Info.plist */ = {isa = PBXFileReference; lastKnownFileType = text.plist.xml; path = Info.plist; sourceTree = "<group>"; };
		A4DCDE371F3B110F000BDD28 /* LSYViewPagerVC.h */ = {isa = PBXFileReference; fileEncoding = 4; lastKnownFileType = sourcecode.c.h; path = LSYViewPagerVC.h; sourceTree = "<group>"; };
		A4DCDE381F3B110F000BDD28 /* LSYViewPagerVC.m */ = {isa = PBXFileReference; fileEncoding = 4; lastKnownFileType = sourcecode.c.objc; path = LSYViewPagerVC.m; sourceTree = "<group>"; };
		A4DCDE3A1F3B12CD000BDD28 /* BottomVC.swift */ = {isa = PBXFileReference; fileEncoding = 4; lastKnownFileType = sourcecode.swift; path = BottomVC.swift; sourceTree = "<group>"; };
		A4DCDE3C1F3B12DF000BDD28 /* MenuMainViewController.swift */ = {isa = PBXFileReference; fileEncoding = 4; lastKnownFileType = sourcecode.swift; path = MenuMainViewController.swift; sourceTree = "<group>"; };
		A4DCDE3E1F3B1BD1000BDD28 /* MenuDetailTableViewController.swift */ = {isa = PBXFileReference; fileEncoding = 4; lastKnownFileType = sourcecode.swift; path = MenuDetailTableViewController.swift; sourceTree = "<group>"; };
		BF413E3B80AD41E94AE9341A /* Pods_ISHPullUpDemo.framework */ = {isa = PBXFileReference; explicitFileType = wrapper.framework; includeInIndex = 0; path = Pods_ISHPullUpDemo.framework; sourceTree = BUILT_PRODUCTS_DIR; };
/* End PBXFileReference section */

/* Begin PBXFrameworksBuildPhase section */
		A4DCDE1E1F3B0F25000BDD28 /* Frameworks */ = {
			isa = PBXFrameworksBuildPhase;
			buildActionMask = 2147483647;
			files = (
				DCDC49E60529717D3CD97EB1 /* Pods_ISHPullUpDemo.framework in Frameworks */,
			);
			runOnlyForDeploymentPostprocessing = 0;
		};
/* End PBXFrameworksBuildPhase section */

/* Begin PBXGroup section */
		1E8F6CBEE9A38115E87BE7BE /* Frameworks */ = {
			isa = PBXGroup;
			children = (
				BF413E3B80AD41E94AE9341A /* Pods_ISHPullUpDemo.framework */,
			);
			name = Frameworks;
			sourceTree = "<group>";
		};
		8B5DDDFE9C6ACBF601A8C14A /* Pods */ = {
			isa = PBXGroup;
			children = (
				00B1D642BBA49049E9186B10 /* Pods-ISHPullUpDemo.debug.xcconfig */,
				726B66127893A221D664E57B /* Pods-ISHPullUpDemo.release.xcconfig */,
			);
			name = Pods;
			sourceTree = "<group>";
		};
		A4DCDE181F3B0F25000BDD28 = {
			isa = PBXGroup;
			children = (
				A4DCDE231F3B0F25000BDD28 /* ISHPullUpDemo */,
				A4DCDE221F3B0F25000BDD28 /* Products */,
				8B5DDDFE9C6ACBF601A8C14A /* Pods */,
				1E8F6CBEE9A38115E87BE7BE /* Frameworks */,
			);
			sourceTree = "<group>";
		};
		A4DCDE221F3B0F25000BDD28 /* Products */ = {
			isa = PBXGroup;
			children = (
				A4DCDE211F3B0F25000BDD28 /* ISHPullUpDemo.app */,
			);
			name = Products;
			sourceTree = "<group>";
		};
		A4DCDE231F3B0F25000BDD28 /* ISHPullUpDemo */ = {
			isa = PBXGroup;
			children = (
				A4DCDE361F3B110F000BDD28 /* LSYViewPagerVC */,
				A4DCDE241F3B0F25000BDD28 /* AppDelegate.swift */,
				A4DCDE261F3B0F26000BDD28 /* ViewController.swift */,
				A4DCDE3C1F3B12DF000BDD28 /* MenuMainViewController.swift */,
				A4DCDE3E1F3B1BD1000BDD28 /* MenuDetailTableViewController.swift */,
				A4DCDE3A1F3B12CD000BDD28 /* BottomVC.swift */,
				A4DCDE281F3B0F26000BDD28 /* Main.storyboard */,
				A4DCDE2B1F3B0F26000BDD28 /* Assets.xcassets */,
				A4DCDE2D1F3B0F26000BDD28 /* LaunchScreen.storyboard */,
				A4DCDE301F3B0F26000BDD28 /* Info.plist */,
			);
			path = ISHPullUpDemo;
			sourceTree = "<group>";
		};
		A4DCDE361F3B110F000BDD28 /* LSYViewPagerVC */ = {
			isa = PBXGroup;
			children = (
				A4DCDE371F3B110F000BDD28 /* LSYViewPagerVC.h */,
				A4DCDE381F3B110F000BDD28 /* LSYViewPagerVC.m */,
			);
			path = LSYViewPagerVC;
			sourceTree = "<group>";
		};
/* End PBXGroup section */

/* Begin PBXNativeTarget section */
		A4DCDE201F3B0F25000BDD28 /* ISHPullUpDemo */ = {
			isa = PBXNativeTarget;
			buildConfigurationList = A4DCDE331F3B0F26000BDD28 /* Build configuration list for PBXNativeTarget "ISHPullUpDemo" */;
			buildPhases = (
				0AFD2C2602024862F7B11D4D /* [CP] Check Pods Manifest.lock */,
				A4DCDE1D1F3B0F25000BDD28 /* Sources */,
				A4DCDE1E1F3B0F25000BDD28 /* Frameworks */,
				A4DCDE1F1F3B0F25000BDD28 /* Resources */,
				2FC6FC60A5FFDCFD8CB35B8A /* [CP] Embed Pods Frameworks */,
				53C6B295CE8EF28396FE3765 /* [CP] Copy Pods Resources */,
			);
			buildRules = (
			);
			dependencies = (
			);
			name = ISHPullUpDemo;
			productName = ISHPullUpDemo;
			productReference = A4DCDE211F3B0F25000BDD28 /* ISHPullUpDemo.app */;
			productType = "com.apple.product-type.application";
		};
/* End PBXNativeTarget section */

/* Begin PBXProject section */
		A4DCDE191F3B0F25000BDD28 /* Project object */ = {
			isa = PBXProject;
			attributes = {
				LastSwiftUpdateCheck = 0830;
				LastUpgradeCheck = 0830;
				ORGANIZATIONNAME = icanstudioz;
				TargetAttributes = {
					A4DCDE201F3B0F25000BDD28 = {
						CreatedOnToolsVersion = 8.3.3;
						ProvisioningStyle = Automatic;
					};
				};
			};
			buildConfigurationList = A4DCDE1C1F3B0F25000BDD28 /* Build configuration list for PBXProject "ISHPullUpDemo" */;
			compatibilityVersion = "Xcode 3.2";
			developmentRegion = English;
			hasScannedForEncodings = 0;
			knownRegions = (
				en,
				Base,
			);
			mainGroup = A4DCDE181F3B0F25000BDD28;
			productRefGroup = A4DCDE221F3B0F25000BDD28 /* Products */;
			projectDirPath = "";
			projectRoot = "";
			targets = (
				A4DCDE201F3B0F25000BDD28 /* ISHPullUpDemo */,
			);
		};
/* End PBXProject section */

/* Begin PBXResourcesBuildPhase section */
		A4DCDE1F1F3B0F25000BDD28 /* Resources */ = {
			isa = PBXResourcesBuildPhase;
			buildActionMask = 2147483647;
			files = (
				A4DCDE2F1F3B0F26000BDD28 /* LaunchScreen.storyboard in Resources */,
				A4DCDE2C1F3B0F26000BDD28 /* Assets.xcassets in Resources */,
				A4DCDE2A1F3B0F26000BDD28 /* Main.storyboard in Resources */,
			);
			runOnlyForDeploymentPostprocessing = 0;
		};
/* End PBXResourcesBuildPhase section */

/* Begin PBXShellScriptBuildPhase section */
		0AFD2C2602024862F7B11D4D /* [CP] Check Pods Manifest.lock */ = {
			isa = PBXShellScriptBuildPhase;
			buildActionMask = 2147483647;
			files = (
			);
			inputPaths = (
			);
			name = "[CP] Check Pods Manifest.lock";
			outputPaths = (
			);
			runOnlyForDeploymentPostprocessing = 0;
			shellPath = /bin/sh;
			shellScript = "diff \"${PODS_PODFILE_DIR_PATH}/Podfile.lock\" \"${PODS_ROOT}/Manifest.lock\" > /dev/null\nif [ $? != 0 ] ; then\n    # print error to STDERR\n    echo \"error: The sandbox is not in sync with the Podfile.lock. Run 'pod install' or update your CocoaPods installation.\" >&2\n    exit 1\nfi\n";
			showEnvVarsInLog = 0;
		};
		2FC6FC60A5FFDCFD8CB35B8A /* [CP] Embed Pods Frameworks */ = {
			isa = PBXShellScriptBuildPhase;
			buildActionMask = 2147483647;
			files = (
			);
			inputPaths = (
			);
			name = "[CP] Embed Pods Frameworks";
			outputPaths = (
			);
			runOnlyForDeploymentPostprocessing = 0;
			shellPath = /bin/sh;
			shellScript = "\"${SRCROOT}/Pods/Target Support Files/Pods-ISHPullUpDemo/Pods-ISHPullUpDemo-frameworks.sh\"\n";
			showEnvVarsInLog = 0;
		};
		53C6B295CE8EF28396FE3765 /* [CP] Copy Pods Resources */ = {
			isa = PBXShellScriptBuildPhase;
			buildActionMask = 2147483647;
			files = (
			);
			inputPaths = (
			);
			name = "[CP] Copy Pods Resources";
			outputPaths = (
			);
			runOnlyForDeploymentPostprocessing = 0;
			shellPath = /bin/sh;
			shellScript = "\"${SRCROOT}/Pods/Target Support Files/Pods-ISHPullUpDemo/Pods-ISHPullUpDemo-resources.sh\"\n";
			showEnvVarsInLog = 0;
		};
/* End PBXShellScriptBuildPhase section */

/* Begin PBXSourcesBuildPhase section */
		A4DCDE1D1F3B0F25000BDD28 /* Sources */ = {
			isa = PBXSourcesBuildPhase;
			buildActionMask = 2147483647;
			files = (
				A4DCDE3D1F3B12DF000BDD28 /* MenuMainViewController.swift in Sources */,
				A4DCDE271F3B0F26000BDD28 /* ViewController.swift in Sources */,
				A4DCDE391F3B110F000BDD28 /* LSYViewPagerVC.m in Sources */,
				A4DCDE3F1F3B1BD1000BDD28 /* MenuDetailTableViewController.swift in Sources */,
				A4DCDE251F3B0F25000BDD28 /* AppDelegate.swift in Sources */,
				A4DCDE3B1F3B12CD000BDD28 /* BottomVC.swift in Sources */,
			);
			runOnlyForDeploymentPostprocessing = 0;
		};
/* End PBXSourcesBuildPhase section */

/* Begin PBXVariantGroup section */
		A4DCDE281F3B0F26000BDD28 /* Main.storyboard */ = {
			isa = PBXVariantGroup;
			children = (
				A4DCDE291F3B0F26000BDD28 /* Base */,
			);
			name = Main.storyboard;
			sourceTree = "<group>";
		};
		A4DCDE2D1F3B0F26000BDD28 /* LaunchScreen.storyboard */ = {
			isa = PBXVariantGroup;
			children = (
				A4DCDE2E1F3B0F26000BDD28 /* Base */,
			);
			name = LaunchScreen.storyboard;
			sourceTree = "<group>";
		};
/* End PBXVariantGroup section */

/* Begin XCBuildConfiguration section */
		A4DCDE311F3B0F26000BDD28 /* Debug */ = {
			isa = XCBuildConfiguration;
			buildSettings = {
				ALWAYS_SEARCH_USER_PATHS = NO;
				CLANG_ANALYZER_NONNULL = YES;
				CLANG_ANALYZER_NUMBER_OBJECT_CONVERSION = YES_AGGRESSIVE;
				CLANG_CXX_LANGUAGE_STANDARD = "gnu++0x";
				CLANG_CXX_LIBRARY = "libc++";
				CLANG_ENABLE_MODULES = YES;
				CLANG_ENABLE_OBJC_ARC = YES;
				CLANG_WARN_BOOL_CONVERSION = YES;
				CLANG_WARN_CONSTANT_CONVERSION = YES;
				CLANG_WARN_DIRECT_OBJC_ISA_USAGE = YES_ERROR;
				CLANG_WARN_DOCUMENTATION_COMMENTS = YES;
				CLANG_WARN_EMPTY_BODY = YES;
				CLANG_WARN_ENUM_CONVERSION = YES;
				CLANG_WARN_INFINITE_RECURSION = YES;
				CLANG_WARN_INT_CONVERSION = YES;
				CLANG_WARN_OBJC_ROOT_CLASS = YES_ERROR;
				CLANG_WARN_SUSPICIOUS_MOVE = YES;
				CLANG_WARN_UNREACHABLE_CODE = YES;
				CLANG_WARN__DUPLICATE_METHOD_MATCH = YES;
				"CODE_SIGN_IDENTITY[sdk=iphoneos*]" = "iPhone Developer";
				COPY_PHASE_STRIP = NO;
				DEBUG_INFORMATION_FORMAT = dwarf;
				ENABLE_STRICT_OBJC_MSGSEND = YES;
				ENABLE_TESTABILITY = YES;
				GCC_C_LANGUAGE_STANDARD = gnu99;
				GCC_DYNAMIC_NO_PIC = NO;
				GCC_NO_COMMON_BLOCKS = YES;
				GCC_OPTIMIZATION_LEVEL = 0;
				GCC_PREPROCESSOR_DEFINITIONS = (
					"DEBUG=1",
					"$(inherited)",
				);
				GCC_WARN_64_TO_32_BIT_CONVERSION = YES;
				GCC_WARN_ABOUT_RETURN_TYPE = YES_ERROR;
				GCC_WARN_UNDECLARED_SELECTOR = YES;
				GCC_WARN_UNINITIALIZED_AUTOS = YES_AGGRESSIVE;
				GCC_WARN_UNUSED_FUNCTION = YES;
				GCC_WARN_UNUSED_VARIABLE = YES;
				IPHONEOS_DEPLOYMENT_TARGET = 10.3;
				MTL_ENABLE_DEBUG_INFO = YES;
				ONLY_ACTIVE_ARCH = YES;
				SDKROOT = iphoneos;
				SWIFT_ACTIVE_COMPILATION_CONDITIONS = DEBUG;
				SWIFT_OPTIMIZATION_LEVEL = "-Onone";
			};
			name = Debug;
		};
		A4DCDE321F3B0F26000BDD28 /* Release */ = {
			isa = XCBuildConfiguration;
			buildSettings = {
				ALWAYS_SEARCH_USER_PATHS = NO;
				CLANG_ANALYZER_NONNULL = YES;
				CLANG_ANALYZER_NUMBER_OBJECT_CONVERSION = YES_AGGRESSIVE;
				CLANG_CXX_LANGUAGE_STANDARD = "gnu++0x";
				CLANG_CXX_LIBRARY = "libc++";
				CLANG_ENABLE_MODULES = YES;
				CLANG_ENABLE_OBJC_ARC = YES;
				CLANG_WARN_BOOL_CONVERSION = YES;
				CLANG_WARN_CONSTANT_CONVERSION = YES;
				CLANG_WARN_DIRECT_OBJC_ISA_USAGE = YES_ERROR;
				CLANG_WARN_DOCUMENTATION_COMMENTS = YES;
				CLANG_WARN_EMPTY_BODY = YES;
				CLANG_WARN_ENUM_CONVERSION = YES;
				CLANG_WARN_INFINITE_RECURSION = YES;
				CLANG_WARN_INT_CONVERSION = YES;
				CLANG_WARN_OBJC_ROOT_CLASS = YES_ERROR;
				CLANG_WARN_SUSPICIOUS_MOVE = YES;
				CLANG_WARN_UNREACHABLE_CODE = YES;
				CLANG_WARN__DUPLICATE_METHOD_MATCH = YES;
				"CODE_SIGN_IDENTITY[sdk=iphoneos*]" = "iPhone Developer";
				COPY_PHASE_STRIP = NO;
				DEBUG_INFORMATION_FORMAT = "dwarf-with-dsym";
				ENABLE_NS_ASSERTIONS = NO;
				ENABLE_STRICT_OBJC_MSGSEND = YES;
				GCC_C_LANGUAGE_STANDARD = gnu99;
				GCC_NO_COMMON_BLOCKS = YES;
				GCC_WARN_64_TO_32_BIT_CONVERSION = YES;
				GCC_WARN_ABOUT_RETURN_TYPE = YES_ERROR;
				GCC_WARN_UNDECLARED_SELECTOR = YES;
				GCC_WARN_UNINITIALIZED_AUTOS = YES_AGGRESSIVE;
				GCC_WARN_UNUSED_FUNCTION = YES;
				GCC_WARN_UNUSED_VARIABLE = YES;
				IPHONEOS_DEPLOYMENT_TARGET = 10.3;
				MTL_ENABLE_DEBUG_INFO = NO;
				SDKROOT = iphoneos;
				SWIFT_OPTIMIZATION_LEVEL = "-Owholemodule";
				VALIDATE_PRODUCT = YES;
			};
			name = Release;
		};
		A4DCDE341F3B0F26000BDD28 /* Debug */ = {
			isa = XCBuildConfiguration;
			baseConfigurationReference = 00B1D642BBA49049E9186B10 /* Pods-ISHPullUpDemo.debug.xcconfig */;
			buildSettings = {
				ASSETCATALOG_COMPILER_APPICON_NAME = AppIcon;
				INFOPLIST_FILE = ISHPullUpDemo/Info.plist;
				LD_RUNPATH_SEARCH_PATHS = "$(inherited) @executable_path/Frameworks";
				PRODUCT_BUNDLE_IDENTIFIER = com.thirstymango.ISHPullUpDemo;
				PRODUCT_NAME = "$(TARGET_NAME)";
				SWIFT_OBJC_BRIDGING_HEADER = "ISHPullUpSample-Bridging-Header.h";
				SWIFT_VERSION = 3.0;
			};
			name = Debug;
		};
		A4DCDE351F3B0F26000BDD28 /* Release */ = {
			isa = XCBuildConfiguration;
			baseConfigurationReference = 726B66127893A221D664E57B /* Pods-ISHPullUpDemo.release.xcconfig */;
			buildSettings = {
				ASSETCATALOG_COMPILER_APPICON_NAME = AppIcon;
				INFOPLIST_FILE = ISHPullUpDemo/Info.plist;
				LD_RUNPATH_SEARCH_PATHS = "$(inherited) @executable_path/Frameworks";
				PRODUCT_BUNDLE_IDENTIFIER = com.thirstymango.ISHPullUpDemo;
				PRODUCT_NAME = "$(TARGET_NAME)";
				SWIFT_OBJC_BRIDGING_HEADER = "ISHPullUpSample-Bridging-Header.h";
				SWIFT_VERSION = 3.0;
			};
			name = Release;
		};
/* End XCBuildConfiguration section */

/* Begin XCConfigurationList section */
		A4DCDE1C1F3B0F25000BDD28 /* Build configuration list for PBXProject "ISHPullUpDemo" */ = {
			isa = XCConfigurationList;
			buildConfigurations = (
				A4DCDE311F3B0F26000BDD28 /* Debug */,
				A4DCDE321F3B0F26000BDD28 /* Release */,
			);
			defaultConfigurationIsVisible = 0;
			defaultConfigurationName = Release;
		};
		A4DCDE331F3B0F26000BDD28 /* Build configuration list for PBXNativeTarget "ISHPullUpDemo" */ = {
			isa = XCConfigurationList;
			buildConfigurations = (
				A4DCDE341F3B0F26000BDD28 /* Debug */,
				A4DCDE351F3B0F26000BDD28 /* Release */,
			);
			defaultConfigurationIsVisible = 0;
			defaultConfigurationName = Release;
		};
/* End XCConfigurationList section */
	};
	rootObject = A4DCDE191F3B0F25000BDD28 /* Project object */;
}
